lockfileVersion: '9.0'

settings:
  autoInstallPeers: true
  excludeLinksFromLockfile: false

importers:

  .:
    dependencies:
      '@cortex-js/compute-engine':
        specifier: ^0.29.1
        version: 0.29.1
      '@threlte/core':
        specifier: ^8.0.1
        version: 8.0.1(svelte@5.23.1)(three@0.174.0)
      '@threlte/extras':
        specifier: ^9.1.0
        version: 9.1.0(@types/three@0.174.0)(svelte@5.23.1)(three@0.174.0)
      '@types/three':
        specifier: ^0.174.0
        version: 0.174.0
      mathjs:
        specifier: ^14.3.1
        version: 14.3.1
      three:
        specifier: ^0.174.0
        version: 0.174.0
      typescript-color-gradient:
        specifier: ^4.0.1
        version: 4.0.1

packages:

  '@ampproject/remapping@2.3.0':
    resolution: {integrity: sha512-30iZtAPgz+LTIYoeivqYo853f02jBYSd5uGnGpkFV0M3xOt9aN73erkgYAmZU43x4VfqcnLxW9Kpg3R5LC4YYw==}
    engines: {node: '>=6.0.0'}

  '@babel/runtime@7.26.10':
    resolution: {integrity: sha512-2WJMeRQPHKSPemqk/awGrAiuFfzBmOIPXKizAsVhWH9YJqLZ0H+HS4c8loHGgW6utJ3E/ejXQUsiGaQy2NZ9Fw==}
    engines: {node: '>=6.9.0'}

  '@cortex-js/compute-engine@0.29.1':
    resolution: {integrity: sha512-bCpaGW+Th+6lrTEDom3mNInfu3hu2N79FpUuqdVyvhE1Np4O447O/1gsgqLAFqVjg58cGN0FCAxf8gXkQNF4CQ==}
    engines: {node: '>=21.7.3', npm: '>=10.5.0'}

  '@jridgewell/gen-mapping@0.3.8':
    resolution: {integrity: sha512-imAbBGkb+ebQyxKgzv5Hu2nmROxoDOXHh80evxdoXNOrvAnVx7zimzc1Oo5h9RlfV4vPXaE2iM5pOFbvOCClWA==}
    engines: {node: '>=6.0.0'}

  '@jridgewell/resolve-uri@3.1.2':
    resolution: {integrity: sha512-bRISgCIjP20/tbWSPWMEi54QVPRZExkuD9lJL+UIxUKtwVJA8wW1Trb1jMs1RFXo1CBTNZ/5hpC9QvmKWdopKw==}
    engines: {node: '>=6.0.0'}

  '@jridgewell/set-array@1.2.1':
    resolution: {integrity: sha512-R8gLRTZeyp03ymzP/6Lil/28tGeGEzhx1q2k703KGWRAI1VdvPIXdG70VJc2pAMw3NA6JKL5hhFu1sJX0Mnn/A==}
    engines: {node: '>=6.0.0'}

  '@jridgewell/sourcemap-codec@1.5.0':
    resolution: {integrity: sha512-gv3ZRaISU3fjPAgNsriBRqGWQL6quFx04YMPW/zD8XMLsU32mhCCbfbO6KZFLjvYpCZ8zyDEgqsgf+PwPaM7GQ==}

  '@jridgewell/trace-mapping@0.3.25':
    resolution: {integrity: sha512-vNk6aEwybGtawWmy/PzwnGDOjCkLWSD2wqvjGGAgOAwCGWySYXfYoxt00IJkTF+8Lb57DwOb3Aa0o9CApepiYQ==}

  '@sveltejs/acorn-typescript@1.0.5':
    resolution: {integrity: sha512-IwQk4yfwLdibDlrXVE04jTZYlLnwsTT2PIOQQGNLWfjavGifnk1JD1LcZjZaBTRcxZu2FfPfNLOE04DSu9lqtQ==}
    peerDependencies:
      acorn: ^8.9.0

  '@threejs-kit/instanced-sprite-mesh@2.5.0':
    resolution: {integrity: sha512-W4cRK7f1o15GtacvLi8h1022ySiMM5218eZJQYWHbVGKqpRezmj8hscdzgp4JFSCkRoAIdyIdLZg5U0Mtmcu/w==}
    peerDependencies:
      three: '>=0.170.0'

  '@threlte/core@8.0.1':
    resolution: {integrity: sha512-vy1xRQppJFNmfPTeiRQue+KmYFsbPgVhwuYXRTvVrwPeD2oYz43gxUeOpe1FACeGKxrxZykeKJF5ebVvl7gBxw==}
    peerDependencies:
      svelte: '>=5'
      three: '>=0.155'

  '@threlte/extras@9.1.0':
    resolution: {integrity: sha512-3EodlpahZHGA0gH2pSj48ort98og8XLczcDHDAIY0q+w73mX2U0mINQgA4SWe+WnGXIo5qspxQ1ez411ih8Grw==}
    peerDependencies:
      svelte: '>=5'
      three: '>=0.155'

  '@tweenjs/tween.js@23.1.3':
    resolution: {integrity: sha512-vJmvvwFxYuGnF2axRtPYocag6Clbb5YS7kLL+SO/TeVFzHqDIWrNKYtcsPMibjDx9O+bu+psAy9NKfWklassUA==}

  '@types/estree@1.0.7':
    resolution: {integrity: sha512-w28IoSUCJpidD/TGviZwwMJckNESJZXFu7NBZ5YJ4mEUnNraUn9Pm8HSZm/jDF1pDWYKspWE7oVphigUPRakIQ==}

  '@types/stats.js@0.17.3':
    resolution: {integrity: sha512-pXNfAD3KHOdif9EQXZ9deK82HVNaXP5ZIF5RP2QG6OQFNTaY2YIetfrE9t528vEreGQvEPRDDc8muaoYeK0SxQ==}

  '@types/three@0.174.0':
    resolution: {integrity: sha512-De/+vZnfg2aVWNiuy1Ldu+n2ydgw1osinmiZTAn0necE++eOfsygL8JpZgFjR2uHmAPo89MkxBj3JJ+2BMe+Uw==}

  '@types/webxr@0.5.21':
    resolution: {integrity: sha512-geZIAtLzjGmgY2JUi6VxXdCrTb99A7yP49lxLr2Nm/uIK0PkkxcEi4OGhoGDO4pxCf3JwGz2GiJL2Ej4K2bKaA==}

  '@webgpu/types@0.1.56':
    resolution: {integrity: sha512-JkT4ngqwk4gKAFoWtXCcC1+TGhSStVtauS9z27slOGSFYr+QqjS0CoawiAxP7Gq9xkT4Pw9uouvWPT44HwbUiw==}

  acorn@8.14.1:
    resolution: {integrity: sha512-OvQ/2pUDKmgfCg++xsTX1wGxfTaszcHVcTctW4UJB4hibJx2HXxxO5UmVgyjMa+ZDsiaf5wWLXYpRWMmBI0QHg==}
    engines: {node: '>=0.4.0'}
    hasBin: true

  aria-query@5.3.2:
    resolution: {integrity: sha512-COROpnaoap1E2F000S62r6A60uHZnmlvomhfyT2DlTcrY1OrBKn2UhH7qn5wTC9zMvD0AY7csdPSNwKP+7WiQw==}
    engines: {node: '>= 0.4'}

  axobject-query@4.1.0:
    resolution: {integrity: sha512-qIj0G9wZbMGNLjLmg1PT6v2mE9AH2zlnADJD/2tC6E00hgmhUOfEB6greHPAfLRSufHqROIUTkw6E+M3lH0PTQ==}
    engines: {node: '>= 0.4'}

  bidi-js@1.0.3:
    resolution: {integrity: sha512-RKshQI1R3YQ+n9YJz2QQ147P66ELpa1FQEg20Dk8oW9t2KgLbpDLLp9aGZ7y8WHSshDknG0bknqGw5/tyCs5tw==}

  camera-controls@2.10.0:
    resolution: {integrity: sha512-vBQ5Daxv4KRsn07U/VqkPxoqD8U+S++0oq5NLf4HevMuh/BDta3rg49e/P564AMzFPBePQeXDKOkiIezRgyDwg==}
    peerDependencies:
      three: '>=0.126.1'

  clsx@2.1.1:
    resolution: {integrity: sha512-eYm0QWBtUrBWZWG0d386OGAw16Z995PiOVo2B7bjWSbHedGl5e0ZWaq65kOGgUSNesEIDkB9ISbTg/JK9dhCZA==}
    engines: {node: '>=6'}

  complex-esm@2.1.1-esm1:
    resolution: {integrity: sha512-IShBEWHILB9s7MnfyevqNGxV0A1cfcSnewL/4uPFiSxkcQL4Mm3FxJ0pXMtCXuWLjYz3lRRyk6OfkeDZcjD6nw==}
    engines: {node: '>=16.14.2', npm: '>=8.5.0'}

  complex.js@2.4.2:
    resolution: {integrity: sha512-qtx7HRhPGSCBtGiST4/WGHuW+zeaND/6Ld+db6PbrulIB1i2Ev/2UPiqcmpQNPSyfBKraC0EOvOKCB5dGZKt3g==}

  decimal.js@10.5.0:
    resolution: {integrity: sha512-8vDa8Qxvr/+d94hSh5P3IJwI5t8/c0KsMp+g8bNw9cY2icONa5aPfvKeieW1WlG0WQYwwhJ7mjui2xtiePQSXw==}

  diet-sprite@0.0.1:
    resolution: {integrity: sha512-zSHI2WDAn1wJqJYxcmjWfJv3Iw8oL9reQIbEyx2x2/EZ4/qmUTIo8/5qOCurnAcq61EwtJJaZ0XTy2NRYqpB5A==}

  earcut@2.2.4:
    resolution: {integrity: sha512-/pjZsA1b4RPHbeWZQn66SWS8nZZWLQQ23oE3Eam7aroEFGEvwKAsJfZ9ytiEMycfzXWpca4FA9QIOehf7PocBQ==}

  escape-latex@1.2.0:
    resolution: {integrity: sha512-nV5aVWW1K0wEiUIEdZ4erkGGH8mDxGyxSeqPzRNtWP7ataw+/olFObw7hujFWlVjNsaDFw5VZ5NzVSIqRgfTiw==}

  esm-env@1.2.2:
    resolution: {integrity: sha512-Epxrv+Nr/CaL4ZcFGPJIYLWFom+YeV1DqMLHJoEd9SYRxNbaFruBwfEX/kkHUJf55j2+TUbmDcmuilbP1TmXHA==}

  esrap@1.4.5:
    resolution: {integrity: sha512-CjNMjkBWWZeHn+VX+gS8YvFwJ5+NDhg8aWZBSFJPR8qQduDNjbJodA2WcwCm7uQa5Rjqj+nZvVmceg1RbHFB9g==}

  fflate@0.8.2:
    resolution: {integrity: sha512-cPJU47OaAoCbg0pBvzsgpTPhmhqI5eJjh/JIu8tPj5q+T7iLvW/JAYUqmE7KOB4R1ZyEhzBaIQpQpardBF5z8A==}

  fraction.js@5.2.1:
    resolution: {integrity: sha512-Ah6t/7YCYjrPUFUFsOsRLMXAdnYM+aQwmojD2Ayb/Ezr82SwES0vuyQ8qZ3QO8n9j7W14VJuVZZet8U3bhSdQQ==}
    engines: {node: '>= 12'}

  is-reference@3.0.3:
    resolution: {integrity: sha512-ixkJoqQvAP88E6wLydLGGqCJsrFUnqoH6HnaczB8XmDH1oaWU+xxdptvikTgaEhtZ53Ky6YXiBuUI2WXLMCwjw==}

  javascript-natural-sort@0.7.1:
    resolution: {integrity: sha512-nO6jcEfZWQXDhOiBtG2KvKyEptz7RVbpGP4vTD2hLBdmNQSsCiicO2Ioinv6UI4y9ukqnBpy+XZ9H6uLNgJTlw==}

  locate-character@3.0.0:
    resolution: {integrity: sha512-SW13ws7BjaeJ6p7Q6CO2nchbYEc3X3J6WrmTTDto7yMPqVSZTUyY5Tjbid+Ab8gLnATtygYtiDIJGQRRn2ZOiA==}

  maath@0.10.8:
    resolution: {integrity: sha512-tRvbDF0Pgqz+9XUa4jjfgAQ8/aPKmQdWXilFu2tMy4GWj4NOsx99HlULO4IeREfbO3a0sA145DZYyvXPkybm0g==}
    peerDependencies:
      '@types/three': '>=0.134.0'
      three: '>=0.134.0'

  magic-string@0.30.17:
    resolution: {integrity: sha512-sNPKHvyjVf7gyjwS4xGTaW/mCnF8wnjtifKBEhxfZ7E/S8tQ0rssrwGNn6q8JH/ohItJfSQp9mBtQYuTlH5QnA==}

  mathjs@14.3.1:
    resolution: {integrity: sha512-tgN2/TQXWVHegcl/Yw/Rkd/yhq0CagK5KnWmKUJ2/Cz/2JZoq4K2Ili9B3wZqvxaof7TVNoXbyKmA3CV3P9ZsA==}
    engines: {node: '>= 18'}
    hasBin: true

  meshoptimizer@0.18.1:
    resolution: {integrity: sha512-ZhoIoL7TNV4s5B6+rx5mC//fw8/POGyNxS/DZyCJeiZ12ScLfVwRE/GfsxwiTkMYYD5DmK2/JXnEVXqL4rF+Sw==}

  mitt@3.0.1:
    resolution: {integrity: sha512-vKivATfr97l2/QBCYAkXYDbrIWPM2IIKEl7YPhjCvKlG3kE2gm+uBo6nEXK3M5/Ffh/FLpKExzOQ3JJoJGFKBw==}

  regenerator-runtime@0.14.1:
    resolution: {integrity: sha512-dYnhHh0nJoMfnkZs6GmmhFknAGRrLznOu5nc9ML+EJxGvrx6H7teuevqVqCuPcPK//3eDrrjQhehXVx9cnkGdw==}

  require-from-string@2.0.2:
    resolution: {integrity: sha512-Xf0nWe6RseziFMu+Ap9biiUbmplq6S9/p+7w7YXP/JBHhrUDDUhwa+vANyubuqfZWTveU//DYVGsDG7RKL/vEw==}
    engines: {node: '>=0.10.0'}

  seedrandom@3.0.5:
    resolution: {integrity: sha512-8OwmbklUNzwezjGInmZ+2clQmExQPvomqjL7LFqOYqtmuxRgQYqOD3mHaU+MvZn5FLUeVxVfQjwLZW/n/JFuqg==}

  svelte@5.23.1:
    resolution: {integrity: sha512-DUu3e5tQDO+PtKffjqJ548YfeKtw2Rqc9/+nlP26DZ0AopWTJNylkNnTOP/wcgIt1JSnovyISxEZ/lDR1OhbOw==}
    engines: {node: '>=18'}

  three-instanced-uniforms-mesh@0.52.0:
    resolution: {integrity: sha512-YuJigan74qBmt2X8XX4DCxGl42GQXQZWSyy8jos1kqjPyzR7IVl9Jk4HvOGEzb5pI7phVcaArImhaW2FZH3zpA==}
    peerDependencies:
      three: '>=0.125.0'

  three-mesh-bvh@0.7.6:
    resolution: {integrity: sha512-rCjsnxEqR9r1/C/lCqzGLS67NDty/S/eT6rAJfDvsanrIctTWdNoR4ZOGWewCB13h1QkVo2BpmC0wakj1+0m8A==}
    peerDependencies:
      three: '>= 0.151.0'

  three-perf@https://codeload.github.com/jerzakm/three-perf/tar.gz/322d7d38a17069f2b6e9734913edad0fc4a29169:
    resolution: {tarball: https://codeload.github.com/jerzakm/three-perf/tar.gz/322d7d38a17069f2b6e9734913edad0fc4a29169}
    version: 1.0.10
    peerDependencies:
      three: '>=0.170'

  three-viewport-gizmo@2.2.0:
    resolution: {integrity: sha512-Jo9Liur1rUmdKk75FZumLU/+hbF+RtJHi1qsKZpntjKlCYScK6tjbYoqvJ9M+IJphrlQJF5oReFW7Sambh0N4Q==}
    peerDependencies:
      three: '>=0.162.0 <1.0.0'

  three@0.174.0:
    resolution: {integrity: sha512-p+WG3W6Ov74alh3geCMkGK9NWuT62ee21cV3jEnun201zodVF4tCE5aZa2U122/mkLRmhJJUQmLLW1BH00uQJQ==}

  tiny-emitter@2.1.0:
    resolution: {integrity: sha512-NB6Dk1A9xgQPMoGqC5CVXn123gWyte215ONT5Pp5a0yt4nlEoO1ZWeCwpncaekPHXO60i47ihFnZPiRPjRMq4Q==}

  troika-three-text@0.50.3:
    resolution: {integrity: sha512-UzbIrgV3fOFmFbFfWIBcBEXEyQovs+LLu15E5xGpSQbo1oZH49A+J9bul4H8H0xLtaLkRTO+LqEsmkaeDtZQfg==}
    peerDependencies:
      three: '>=0.125.0'

  troika-three-text@0.52.3:
    resolution: {integrity: sha512-jLhiwgV8kEkwWjvK12f2fHVpbOC75p7SgPQ0cgcz+IMtN5Bdyg4EuFdwuTOVu9ga8UeYdKBpzd1AxviyixtYTQ==}
    peerDependencies:
      three: '>=0.125.0'

  troika-three-utils@0.50.3:
    resolution: {integrity: sha512-asQWCESikU58y9cz4OgIjCRlITkDTwf7ds8T9IyWxn7OB2A7XItg2UbHjfexwooTefM+BYbEC4ZKxOUBfbNVLA==}
    peerDependencies:
      three: '>=0.125.0'

  troika-three-utils@0.52.0:
    resolution: {integrity: sha512-00oxqIIehtEKInOTQekgyknBuRUj1POfOUE2q1OmL+Xlpp4gIu+S0oA0schTyXsDS4d9DkR04iqCdD40rF5R6w==}
    peerDependencies:
      three: '>=0.125.0'

  troika-worker-utils@0.50.0:
    resolution: {integrity: sha512-BxNk0w6+d9NYd7El/3RzlzH/F2vovJI1FX9Zb+D7fArVM1EsUXj6+wVwJSrfucy6/HYhfbZPu/lD6Miiw9Byiw==}

  troika-worker-utils@0.52.0:
    resolution: {integrity: sha512-W1CpvTHykaPH5brv5VHLfQo9D1OYuo0cSBEUQFFT/nBUzM8iD6Lq2/tgG/f1OelbAS1WtaTPQzE5uM49egnngw==}

  tweakpane@3.1.10:
    resolution: {integrity: sha512-rqwnl/pUa7+inhI2E9ayGTqqP0EPOOn/wVvSWjZsRbZUItzNShny7pzwL3hVlaN4m9t/aZhsP0aFQ9U5VVR2VQ==}

  typed-function@4.2.1:
    resolution: {integrity: sha512-EGjWssW7Tsk4DGfE+5yluuljS1OGYWiI1J6e8puZz9nTMM51Oug8CD5Zo4gWMsOhq5BI+1bF+rWTm4Vbj3ivRA==}
    engines: {node: '>= 18'}

  typescript-color-gradient@4.0.1:
    resolution: {integrity: sha512-7TECtE3bG3W3xFIkEssatbfIPCHf4yTn3Zoxv0v6HZ5FUcsHN0biN9AHfCplYCFDEnw9rIQR/68Xcvb7WAZaxQ==}

  webgl-sdf-generator@1.1.1:
    resolution: {integrity: sha512-9Z0JcMTFxeE+b2x1LJTdnaT8rT8aEp7MVxkNwoycNmJWwPdzoXzMh0BjJSh/AEFP+KPYZUli814h8bJZFIZ2jA==}

  zimmerframe@1.1.2:
    resolution: {integrity: sha512-rAbqEGa8ovJy4pyBxZM70hg4pE6gDgaQ0Sl9M3enG3I0d6H4XSAM3GeNGLKnsBpuijUow064sf7ww1nutC5/3w==}

snapshots:

  '@ampproject/remapping@2.3.0':
    dependencies:
      '@jridgewell/gen-mapping': 0.3.8
      '@jridgewell/trace-mapping': 0.3.25

  '@babel/runtime@7.26.10':
    dependencies:
      regenerator-runtime: 0.14.1

  '@cortex-js/compute-engine@0.29.1':
    dependencies:
      complex-esm: 2.1.1-esm1
      decimal.js: 10.5.0

  '@jridgewell/gen-mapping@0.3.8':
    dependencies:
      '@jridgewell/set-array': 1.2.1
      '@jridgewell/sourcemap-codec': 1.5.0
      '@jridgewell/trace-mapping': 0.3.25

  '@jridgewell/resolve-uri@3.1.2': {}

  '@jridgewell/set-array@1.2.1': {}

  '@jridgewell/sourcemap-codec@1.5.0': {}

  '@jridgewell/trace-mapping@0.3.25':
    dependencies:
      '@jridgewell/resolve-uri': 3.1.2
      '@jridgewell/sourcemap-codec': 1.5.0

  '@sveltejs/acorn-typescript@1.0.5(acorn@8.14.1)':
    dependencies:
      acorn: 8.14.1

  '@threejs-kit/instanced-sprite-mesh@2.5.0(@types/three@0.174.0)(three@0.174.0)':
    dependencies:
      diet-sprite: 0.0.1
      earcut: 2.2.4
      maath: 0.10.8(@types/three@0.174.0)(three@0.174.0)
      three: 0.174.0
      three-instanced-uniforms-mesh: 0.52.0(three@0.174.0)
      troika-three-utils: 0.52.0(three@0.174.0)
    transitivePeerDependencies:
      - '@types/three'

  '@threlte/core@8.0.1(svelte@5.23.1)(three@0.174.0)':
    dependencies:
      mitt: 3.0.1
      svelte: 5.23.1
      three: 0.174.0

  '@threlte/extras@9.1.0(@types/three@0.174.0)(svelte@5.23.1)(three@0.174.0)':
    dependencies:
      '@threejs-kit/instanced-sprite-mesh': 2.5.0(@types/three@0.174.0)(three@0.174.0)
      camera-controls: 2.10.0(three@0.174.0)
      svelte: 5.23.1
      three: 0.174.0
      three-mesh-bvh: 0.7.6(three@0.174.0)
      three-perf: https://codeload.github.com/jerzakm/three-perf/tar.gz/322d7d38a17069f2b6e9734913edad0fc4a29169(three@0.174.0)
      three-viewport-gizmo: 2.2.0(three@0.174.0)
      troika-three-text: 0.50.3(three@0.174.0)
    transitivePeerDependencies:
      - '@types/three'

  '@tweenjs/tween.js@23.1.3': {}

  '@types/estree@1.0.7': {}

  '@types/stats.js@0.17.3': {}

  '@types/three@0.174.0':
    dependencies:
      '@tweenjs/tween.js': 23.1.3
      '@types/stats.js': 0.17.3
      '@types/webxr': 0.5.21
      '@webgpu/types': 0.1.56
      fflate: 0.8.2
      meshoptimizer: 0.18.1

  '@types/webxr@0.5.21': {}

  '@webgpu/types@0.1.56': {}

  acorn@8.14.1: {}

  aria-query@5.3.2: {}

  axobject-query@4.1.0: {}

  bidi-js@1.0.3:
    dependencies:
      require-from-string: 2.0.2

  camera-controls@2.10.0(three@0.174.0):
    dependencies:
      three: 0.174.0

  clsx@2.1.1: {}

  complex-esm@2.1.1-esm1: {}

  complex.js@2.4.2: {}

  decimal.js@10.5.0: {}

  diet-sprite@0.0.1: {}

  earcut@2.2.4: {}

  escape-latex@1.2.0: {}

  esm-env@1.2.2: {}

  esrap@1.4.5:
    dependencies:
      '@jridgewell/sourcemap-codec': 1.5.0

  fflate@0.8.2: {}

  fraction.js@5.2.1: {}

  is-reference@3.0.3:
    dependencies:
      '@types/estree': 1.0.7

  javascript-natural-sort@0.7.1: {}

  locate-character@3.0.0: {}

  maath@0.10.8(@types/three@0.174.0)(three@0.174.0):
    dependencies:
      '@types/three': 0.174.0
      three: 0.174.0

  magic-string@0.30.17:
    dependencies:
      '@jridgewell/sourcemap-codec': 1.5.0

  mathjs@14.3.1:
    dependencies:
      '@babel/runtime': 7.26.10
      complex.js: 2.4.2
      decimal.js: 10.5.0
      escape-latex: 1.2.0
      fraction.js: 5.2.1
      javascript-natural-sort: 0.7.1
      seedrandom: 3.0.5
      tiny-emitter: 2.1.0
      typed-function: 4.2.1

  meshoptimizer@0.18.1: {}

  mitt@3.0.1: {}

  regenerator-runtime@0.14.1: {}

  require-from-string@2.0.2: {}

  seedrandom@3.0.5: {}

  svelte@5.23.1:
    dependencies:
      '@ampproject/remapping': 2.3.0
      '@jridgewell/sourcemap-codec': 1.5.0
      '@sveltejs/acorn-typescript': 1.0.5(acorn@8.14.1)
      '@types/estree': 1.0.7
      acorn: 8.14.1
      aria-query: 5.3.2
      axobject-query: 4.1.0
      clsx: 2.1.1
      esm-env: 1.2.2
      esrap: 1.4.5
      is-reference: 3.0.3
      locate-character: 3.0.0
      magic-string: 0.30.17
      zimmerframe: 1.1.2

  three-instanced-uniforms-mesh@0.52.0(three@0.174.0):
    dependencies:
      three: 0.174.0
      troika-three-utils: 0.52.0(three@0.174.0)

  three-mesh-bvh@0.7.6(three@0.174.0):
    dependencies:
      three: 0.174.0

  three-perf@https://codeload.github.com/jerzakm/three-perf/tar.gz/322d7d38a17069f2b6e9734913edad0fc4a29169(three@0.174.0):
    dependencies:
      three: 0.174.0
      troika-three-text: 0.52.3(three@0.174.0)
      tweakpane: 3.1.10

  three-viewport-gizmo@2.2.0(three@0.174.0):
    dependencies:
      three: 0.174.0

  three@0.174.0: {}

  tiny-emitter@2.1.0: {}

  troika-three-text@0.50.3(three@0.174.0):
    dependencies:
      bidi-js: 1.0.3
      three: 0.174.0
      troika-three-utils: 0.50.3(three@0.174.0)
      troika-worker-utils: 0.50.0
      webgl-sdf-generator: 1.1.1

  troika-three-text@0.52.3(three@0.174.0):
    dependencies:
      bidi-js: 1.0.3
      three: 0.174.0
      troika-three-utils: 0.52.0(three@0.174.0)
      troika-worker-utils: 0.52.0
      webgl-sdf-generator: 1.1.1

  troika-three-utils@0.50.3(three@0.174.0):
    dependencies:
      three: 0.174.0

  troika-three-utils@0.52.0(three@0.174.0):
    dependencies:
      three: 0.174.0

  troika-worker-utils@0.50.0: {}

  troika-worker-utils@0.52.0: {}

  tweakpane@3.1.10: {}

  typed-function@4.2.1: {}

  typescript-color-gradient@4.0.1: {}

  webgl-sdf-generator@1.1.1: {}

  zimmerframe@1.1.2: {}
